
Microsoft Visual Studio Solution File, Format Version 12.00
# Visual Studio Version 16
VisualStudioVersion = 16.0.29102.190
MinimumVisualStudioVersion = 10.0.40219.1
Project("{FAE04EC0-301F-11D3-BF4B-00C04F79EFBC}") = "TravelLog", "TravelLog\TravelLog.csproj", "{492274FE-08A4-4F2D-BD66-9F0F77AA5280}"
EndProject
Global
	GlobalSection(SolutionConfigurationPlatforms) = preSolution
		Debug|Any CPU = Debug|Any CPU
		Release|Any CPU = Release|Any CPU
	EndGlobalSection
	GlobalSection(ProjectConfigurationPlatforms) = postSolution
		{492274FE-08A4-4F2D-BD66-9F0F77AA5280}.Debug|Any CPU.ActiveCfg = Debug|Any CPU
		{492274FE-08A4-4F2D-BD66-9F0F77AA5280}.Debug|Any CPU.Build.0 = Debug|Any CPU
		{492274FE-08A4-4F2D-BD66-9F0F77AA5280}.Release|Any CPU.ActiveCfg = Release|Any CPU
		{492274FE-08A4-4F2D-BD66-9F0F77AA5280}.Release|Any CPU.Build.0 = Release|Any CPU
	EndGlobalSection
	GlobalSection(SolutionProperties) = preSolution
		HideSolutionNode = FALSE
	EndGlobalSection
	GlobalSection(ExtensibilityGlobals) = postSolution
		SolutionGuid = {75129625-63DB-465E-9D35-42D1CBA76D48}
	EndGlobalSection
EndGlobal
